Microsoft Visual Studio Solution File, Format Version 12.00
Project("{FAE04EC0-301F-11D3-BF4B-00C04F79EFBC}") = "Chihiro", "src\Chihiro\Chihiro.csproj", "{199AF33A-B4FE-4EDD-8FD6-B51B488D5566}"
EndProject
Global
	GlobalSection(SolutionConfigurationPlatforms) = preSolution
		Debug|Any CPU = Debug|Any CPU
		Release|Any CPU = Release|Any CPU
	EndGlobalSection
	GlobalSection(ProjectConfigurationPlatforms) = postSolution
		{199AF33A-B4FE-4EDD-8FD6-B51B488D5566}.Debug|Any CPU.ActiveCfg = Debug|Any CPU
		{199AF33A-B4FE-4EDD-8FD6-B51B488D5566}.Debug|Any CPU.Build.0 = Debug|Any CPU
		{199AF33A-B4FE-4EDD-8FD6-B51B488D5566}.Release|Any CPU.ActiveCfg = Release|Any CPU
		{199AF33A-B4FE-4EDD-8FD6-B51B488D5566}.Release|Any CPU.Build.0 = Release|Any CPU
	EndGlobalSection
EndGlobal
